{
  "nodes": {
    "dart2-nixpkgs": {
      "locked": {
        "lastModified": 1682483020,
        "narHash": "sha256-H6REZ9y4gCeghIJRmy6H+UQNf2QVXA1dK121A5GvWyQ=",
        "owner": "nixos",
        "repo": "nixpkgs",
        "rev": "27ae052ce0871efbe6bb0b2d5c60cde313a96ff7",
        "type": "github"
      },
      "original": {
        "owner": "nixos",
        "repo": "nixpkgs",
        "rev": "27ae052ce0871efbe6bb0b2d5c60cde313a96ff7",
        "type": "github"
      }
    },
    "nixpkgs": {
      "locked": {
        "lastModified": 1731676054,
        "narHash": "sha256-OZiZ3m8SCMfh3B6bfGC/Bm4x3qc1m2SVEAlkV6iY7Yg=",
        "owner": "nixos",
        "repo": "nixpkgs",
        "rev": "5e4fbfb6b3de1aa2872b76d49fafc942626e2add",
        "type": "github"
      },
      "original": {
        "owner": "nixos",
        "ref": "nixos-unstable",
        "repo": "nixpkgs",
        "type": "github"
      }
    },
    "root": {
      "inputs": {
        "dart2-nixpkgs": "dart2-nixpkgs",
        "nixpkgs": "nixpkgs"
      }
    }
  },
  "root": "root",
  "version": 7
}
